// !$*UTF8*$!
{
	archiveVersion = 1;
	classes = {
	};
	objectVersion = 60;
	objects = {

/* Begin PBXBuildFile section */
		481BC11E2CB5892E0078A920 /* AppDelegate.swift in Sources */ = {isa = PBXBuildFile; fileRef = 481BC11D2CB5892E0078A920 /* AppDelegate.swift */; };
		481BC1202CB5892E0078A920 /* SceneDelegate.swift in Sources */ = {isa = PBXBuildFile; fileRef = 481BC11F2CB5892E0078A920 /* SceneDelegate.swift */; };
		481BC1232CB5892E0078A920 /* Base in Resources */ = {isa = PBXBuildFile; fileRef = 481BC1222CB5892E0078A920 /* Base */; };
		481BC1262CB5892E0078A920 /* Base in Resources */ = {isa = PBXBuildFile; fileRef = 481BC1252CB5892E0078A920 /* Base */; };
		481BC12F2CB5892E0078A920 /* AppDelegate.swift in Sources */ = {isa = PBXBuildFile; fileRef = 481BC12E2CB5892E0078A920 /* AppDelegate.swift */; };
		481BC1322CB5892E0078A920 /* Base in Resources */ = {isa = PBXBuildFile; fileRef = 481BC1312CB5892E0078A920 /* Base */; };
		481BC13A2CB5892E0078A920 /* bearblog-dev-mode Extension.appex in Embed Foundation Extensions */ = {isa = PBXBuildFile; fileRef = 481BC1392CB5892E0078A920 /* bearblog-dev-mode Extension.appex */; settings = {ATTRIBUTES = (RemoveHeadersOnCopy, ); }; };
		481BC1442CB5892E0078A920 /* bearblog-dev-mode Extension.appex in Embed Foundation Extensions */ = {isa = PBXBuildFile; fileRef = 481BC1432CB5892E0078A920 /* bearblog-dev-mode Extension.appex */; settings = {ATTRIBUTES = (RemoveHeadersOnCopy, ); }; };
		481BC14A2CB5892E0078A920 /* Base in Resources */ = {isa = PBXBuildFile; fileRef = 481BC10E2CB5892D0078A920 /* Base */; };
		481BC14B2CB5892E0078A920 /* Base in Resources */ = {isa = PBXBuildFile; fileRef = 481BC10E2CB5892D0078A920 /* Base */; };
		481BC14C2CB5892E0078A920 /* Icon.png in Resources */ = {isa = PBXBuildFile; fileRef = 481BC10F2CB5892D0078A920 /* Icon.png */; };
		481BC14D2CB5892E0078A920 /* Icon.png in Resources */ = {isa = PBXBuildFile; fileRef = 481BC10F2CB5892D0078A920 /* Icon.png */; };
		481BC14E2CB5892E0078A920 /* Style.css in Resources */ = {isa = PBXBuildFile; fileRef = 481BC1102CB5892D0078A920 /* Style.css */; };
		481BC14F2CB5892E0078A920 /* Style.css in Resources */ = {isa = PBXBuildFile; fileRef = 481BC1102CB5892D0078A920 /* Style.css */; };
		481BC1502CB5892E0078A920 /* Script.js in Resources */ = {isa = PBXBuildFile; fileRef = 481BC1112CB5892D0078A920 /* Script.js */; };
		481BC1512CB5892E0078A920 /* Script.js in Resources */ = {isa = PBXBuildFile; fileRef = 481BC1112CB5892D0078A920 /* Script.js */; };
		481BC1522CB5892E0078A920 /* ViewController.swift in Sources */ = {isa = PBXBuildFile; fileRef = 481BC1122CB5892D0078A920 /* ViewController.swift */; };
		481BC1532CB5892E0078A920 /* ViewController.swift in Sources */ = {isa = PBXBuildFile; fileRef = 481BC1122CB5892D0078A920 /* ViewController.swift */; };
		481BC1542CB5892E0078A920 /* Assets.xcassets in Resources */ = {isa = PBXBuildFile; fileRef = 481BC1132CB5892E0078A920 /* Assets.xcassets */; };
		481BC1552CB5892E0078A920 /* Assets.xcassets in Resources */ = {isa = PBXBuildFile; fileRef = 481BC1132CB5892E0078A920 /* Assets.xcassets */; };
		481BC1562CB5892E0078A920 /* SafariWebExtensionHandler.swift in Sources */ = {isa = PBXBuildFile; fileRef = 481BC1152CB5892E0078A920 /* SafariWebExtensionHandler.swift */; };
		481BC1572CB5892E0078A920 /* SafariWebExtensionHandler.swift in Sources */ = {isa = PBXBuildFile; fileRef = 481BC1152CB5892E0078A920 /* SafariWebExtensionHandler.swift */; };
		481BC16D2CB5892E0078A920 /* browser_action in Resources */ = {isa = PBXBuildFile; fileRef = 481BC1692CB5892E0078A920 /* browser_action */; };
		481BC16E2CB5892E0078A920 /* icons in Resources */ = {isa = PBXBuildFile; fileRef = 481BC16A2CB5892E0078A920 /* icons */; };
		481BC16F2CB5892E0078A920 /* manifest.json in Resources */ = {isa = PBXBuildFile; fileRef = 481BC16B2CB5892E0078A920 /* manifest.json */; };
		481BC1702CB5892E0078A920 /* content_scripts in Resources */ = {isa = PBXBuildFile; fileRef = 481BC16C2CB5892E0078A920 /* content_scripts */; };
		481BC1712CB5892E0078A920 /* browser_action in Resources */ = {isa = PBXBuildFile; fileRef = 481BC1692CB5892E0078A920 /* browser_action */; };
		481BC1722CB5892E0078A920 /* icons in Resources */ = {isa = PBXBuildFile; fileRef = 481BC16A2CB5892E0078A920 /* icons */; };
		481BC1732CB5892E0078A920 /* manifest.json in Resources */ = {isa = PBXBuildFile; fileRef = 481BC16B2CB5892E0078A920 /* manifest.json */; };
		481BC1742CB5892E0078A920 /* content_scripts in Resources */ = {isa = PBXBuildFile; fileRef = 481BC16C2CB5892E0078A920 /* content_scripts */; };
/* End PBXBuildFile section */

/* Begin PBXContainerItemProxy section */
		481BC13B2CB5892E0078A920 /* PBXContainerItemProxy */ = {
			isa = PBXContainerItemProxy;
			containerPortal = 481BC1072CB5892D0078A920 /* Project object */;
			proxyType = 1;
			remoteGlobalIDString = 481BC1382CB5892E0078A920;
			remoteInfo = "bearblog-dev-mode Extension (iOS)";
		};
		481BC1452CB5892E0078A920 /* PBXContainerItemProxy */ = {
			isa = PBXContainerItemProxy;
			containerPortal = 481BC1072CB5892D0078A920 /* Project object */;
			proxyType = 1;
			remoteGlobalIDString = 481BC1422CB5892E0078A920;
			remoteInfo = "bearblog-dev-mode Extension (macOS)";
		};
/* End PBXContainerItemProxy section */

/* Begin PBXCopyFilesBuildPhase section */
		481BC15D2CB5892E0078A920 /* Embed Foundation Extensions */ = {
			isa = PBXCopyFilesBuildPhase;
			buildActionMask = 2147483647;
			dstPath = "";
			dstSubfolderSpec = 13;
			files = (
				481BC13A2CB5892E0078A920 /* bearblog-dev-mode Extension.appex in Embed Foundation Extensions */,
			);
			name = "Embed Foundation Extensions";
			runOnlyForDeploymentPostprocessing = 0;
		};
		481BC1642CB5892E0078A920 /* Embed Foundation Extensions */ = {
			isa = PBXCopyFilesBuildPhase;
			buildActionMask = 2147483647;
			dstPath = "";
			dstSubfolderSpec = 13;
			files = (
				481BC1442CB5892E0078A920 /* bearblog-dev-mode Extension.appex in Embed Foundation Extensions */,
			);
			name = "Embed Foundation Extensions";
			runOnlyForDeploymentPostprocessing = 0;
		};
/* End PBXCopyFilesBuildPhase section */

/* Begin PBXFileReference section */
		481BC10E2CB5892D0078A920 /* Base */ = {isa = PBXFileReference; lastKnownFileType = text.html; name = Base; path = ../Base.lproj/Main.html; sourceTree = "<group>"; };
		481BC10F2CB5892D0078A920 /* Icon.png */ = {isa = PBXFileReference; lastKnownFileType = image.png; path = Icon.png; sourceTree = "<group>"; };
		481BC1102CB5892D0078A920 /* Style.css */ = {isa = PBXFileReference; lastKnownFileType = text.css; path = Style.css; sourceTree = "<group>"; };
		481BC1112CB5892D0078A920 /* Script.js */ = {isa = PBXFileReference; lastKnownFileType = sourcecode.javascript; path = Script.js; sourceTree = "<group>"; };
		481BC1122CB5892D0078A920 /* ViewController.swift */ = {isa = PBXFileReference; lastKnownFileType = sourcecode.swift; path = ViewController.swift; sourceTree = "<group>"; };
		481BC1132CB5892E0078A920 /* Assets.xcassets */ = {isa = PBXFileReference; lastKnownFileType = folder.assetcatalog; path = Assets.xcassets; sourceTree = "<group>"; };
		481BC1152CB5892E0078A920 /* SafariWebExtensionHandler.swift */ = {isa = PBXFileReference; lastKnownFileType = sourcecode.swift; path = SafariWebExtensionHandler.swift; sourceTree = "<group>"; };
		481BC11A2CB5892E0078A920 /* bearblog-dev-mode.app */ = {isa = PBXFileReference; explicitFileType = wrapper.application; includeInIndex = 0; path = "bearblog-dev-mode.app"; sourceTree = BUILT_PRODUCTS_DIR; };
		481BC11D2CB5892E0078A920 /* AppDelegate.swift */ = {isa = PBXFileReference; lastKnownFileType = sourcecode.swift; path = AppDelegate.swift; sourceTree = "<group>"; };
		481BC11F2CB5892E0078A920 /* SceneDelegate.swift */ = {isa = PBXFileReference; lastKnownFileType = sourcecode.swift; path = SceneDelegate.swift; sourceTree = "<group>"; };
		481BC1222CB5892E0078A920 /* Base */ = {isa = PBXFileReference; lastKnownFileType = file.storyboard; name = Base; path = Base.lproj/LaunchScreen.storyboard; sourceTree = "<group>"; };
		481BC1252CB5892E0078A920 /* Base */ = {isa = PBXFileReference; lastKnownFileType = file.storyboard; name = Base; path = Base.lproj/Main.storyboard; sourceTree = "<group>"; };
		481BC1272CB5892E0078A920 /* Info.plist */ = {isa = PBXFileReference; lastKnownFileType = text.plist.xml; path = Info.plist; sourceTree = "<group>"; };
		481BC12C2CB5892E0078A920 /* bearblog-dev-mode.app */ = {isa = PBXFileReference; explicitFileType = wrapper.application; includeInIndex = 0; path = "bearblog-dev-mode.app"; sourceTree = BUILT_PRODUCTS_DIR; };
		481BC12E2CB5892E0078A920 /* AppDelegate.swift */ = {isa = PBXFileReference; lastKnownFileType = sourcecode.swift; path = AppDelegate.swift; sourceTree = "<group>"; };
		481BC1312CB5892E0078A920 /* Base */ = {isa = PBXFileReference; lastKnownFileType = file.storyboard; name = Base; path = Base.lproj/Main.storyboard; sourceTree = "<group>"; };
		481BC1332CB5892E0078A920 /* Info.plist */ = {isa = PBXFileReference; lastKnownFileType = text.plist.xml; path = Info.plist; sourceTree = "<group>"; };
		481BC1342CB5892E0078A920 /* bearblog-dev-mode.entitlements */ = {isa = PBXFileReference; lastKnownFileType = text.plist.entitlements; path = "bearblog-dev-mode.entitlements"; sourceTree = "<group>"; };
		481BC1392CB5892E0078A920 /* bearblog-dev-mode Extension.appex */ = {isa = PBXFileReference; explicitFileType = "wrapper.app-extension"; includeInIndex = 0; path = "bearblog-dev-mode Extension.appex"; sourceTree = BUILT_PRODUCTS_DIR; };
		481BC13E2CB5892E0078A920 /* Info.plist */ = {isa = PBXFileReference; lastKnownFileType = text.plist.xml; path = Info.plist; sourceTree = "<group>"; };
		481BC1432CB5892E0078A920 /* bearblog-dev-mode Extension.appex */ = {isa = PBXFileReference; explicitFileType = "wrapper.app-extension"; includeInIndex = 0; path = "bearblog-dev-mode Extension.appex"; sourceTree = BUILT_PRODUCTS_DIR; };
		481BC1482CB5892E0078A920 /* Info.plist */ = {isa = PBXFileReference; lastKnownFileType = text.plist.xml; path = Info.plist; sourceTree = "<group>"; };
		481BC1492CB5892E0078A920 /* bearblog-dev-mode.entitlements */ = {isa = PBXFileReference; lastKnownFileType = text.plist.entitlements; path = "bearblog-dev-mode.entitlements"; sourceTree = "<group>"; };
		481BC1692CB5892E0078A920 /* browser_action */ = {isa = PBXFileReference; lastKnownFileType = folder; name = browser_action; path = ../../../chrome/browser_action; sourceTree = "<group>"; };
		481BC16A2CB5892E0078A920 /* icons */ = {isa = PBXFileReference; lastKnownFileType = folder; name = icons; path = ../../../chrome/icons; sourceTree = "<group>"; };
		481BC16B2CB5892E0078A920 /* manifest.json */ = {isa = PBXFileReference; lastKnownFileType = text.json; name = manifest.json; path = ../../../chrome/manifest.json; sourceTree = "<group>"; };
		481BC16C2CB5892E0078A920 /* content_scripts */ = {isa = PBXFileReference; lastKnownFileType = folder; name = content_scripts; path = ../../../chrome/content_scripts; sourceTree = "<group>"; };
/* End PBXFileReference section */

/* Begin PBXFrameworksBuildPhase section */
		481BC1172CB5892E0078A920 /* Frameworks */ = {
			isa = PBXFrameworksBuildPhase;
			buildActionMask = 2147483647;
			files = (
			);
			runOnlyForDeploymentPostprocessing = 0;
		};
		481BC1292CB5892E0078A920 /* Frameworks */ = {
			isa = PBXFrameworksBuildPhase;
			buildActionMask = 2147483647;
			files = (
			);
			runOnlyForDeploymentPostprocessing = 0;
		};
		481BC1362CB5892E0078A920 /* Frameworks */ = {
			isa = PBXFrameworksBuildPhase;
			buildActionMask = 2147483647;
			files = (
			);
			runOnlyForDeploymentPostprocessing = 0;
		};
		481BC1402CB5892E0078A920 /* Frameworks */ = {
			isa = PBXFrameworksBuildPhase;
			buildActionMask = 2147483647;
			files = (
			);
			runOnlyForDeploymentPostprocessing = 0;
		};
/* End PBXFrameworksBuildPhase section */

/* Begin PBXGroup section */
		481BC1062CB5892D0078A920 = {
			isa = PBXGroup;
			children = (
				481BC10B2CB5892D0078A920 /* Shared (App) */,
				481BC1142CB5892E0078A920 /* Shared (Extension) */,
				481BC11C2CB5892E0078A920 /* iOS (App) */,
				481BC12D2CB5892E0078A920 /* macOS (App) */,
				481BC13D2CB5892E0078A920 /* iOS (Extension) */,
				481BC1472CB5892E0078A920 /* macOS (Extension) */,
				481BC11B2CB5892E0078A920 /* Products */,
			);
			sourceTree = "<group>";
		};
		481BC10B2CB5892D0078A920 /* Shared (App) */ = {
			isa = PBXGroup;
			children = (
				481BC1122CB5892D0078A920 /* ViewController.swift */,
				481BC1132CB5892E0078A920 /* Assets.xcassets */,
				481BC10C2CB5892D0078A920 /* Resources */,
			);
			path = "Shared (App)";
			sourceTree = "<group>";
		};
		481BC10C2CB5892D0078A920 /* Resources */ = {
			isa = PBXGroup;
			children = (
				481BC10D2CB5892D0078A920 /* Main.html */,
				481BC10F2CB5892D0078A920 /* Icon.png */,
				481BC1102CB5892D0078A920 /* Style.css */,
				481BC1112CB5892D0078A920 /* Script.js */,
			);
			path = Resources;
			sourceTree = "<group>";
		};
		481BC1142CB5892E0078A920 /* Shared (Extension) */ = {
			isa = PBXGroup;
			children = (
				481BC1682CB5892E0078A920 /* Resources */,
				481BC1152CB5892E0078A920 /* SafariWebExtensionHandler.swift */,
			);
			path = "Shared (Extension)";
			sourceTree = "<group>";
		};
		481BC11B2CB5892E0078A920 /* Products */ = {
			isa = PBXGroup;
			children = (
				481BC11A2CB5892E0078A920 /* bearblog-dev-mode.app */,
				481BC12C2CB5892E0078A920 /* bearblog-dev-mode.app */,
				481BC1392CB5892E0078A920 /* bearblog-dev-mode Extension.appex */,
				481BC1432CB5892E0078A920 /* bearblog-dev-mode Extension.appex */,
			);
			name = Products;
			sourceTree = "<group>";
		};
		481BC11C2CB5892E0078A920 /* iOS (App) */ = {
			isa = PBXGroup;
			children = (
				481BC11D2CB5892E0078A920 /* AppDelegate.swift */,
				481BC11F2CB5892E0078A920 /* SceneDelegate.swift */,
				481BC1212CB5892E0078A920 /* LaunchScreen.storyboard */,
				481BC1242CB5892E0078A920 /* Main.storyboard */,
				481BC1272CB5892E0078A920 /* Info.plist */,
			);
			path = "iOS (App)";
			sourceTree = "<group>";
		};
		481BC12D2CB5892E0078A920 /* macOS (App) */ = {
			isa = PBXGroup;
			children = (
				481BC12E2CB5892E0078A920 /* AppDelegate.swift */,
				481BC1302CB5892E0078A920 /* Main.storyboard */,
				481BC1332CB5892E0078A920 /* Info.plist */,
				481BC1342CB5892E0078A920 /* bearblog-dev-mode.entitlements */,
			);
			path = "macOS (App)";
			sourceTree = "<group>";
		};
		481BC13D2CB5892E0078A920 /* iOS (Extension) */ = {
			isa = PBXGroup;
			children = (
				481BC13E2CB5892E0078A920 /* Info.plist */,
			);
			path = "iOS (Extension)";
			sourceTree = "<group>";
		};
		481BC1472CB5892E0078A920 /* macOS (Extension) */ = {
			isa = PBXGroup;
			children = (
				481BC1482CB5892E0078A920 /* Info.plist */,
				481BC1492CB5892E0078A920 /* bearblog-dev-mode.entitlements */,
			);
			path = "macOS (Extension)";
			sourceTree = "<group>";
		};
		481BC1682CB5892E0078A920 /* Resources */ = {
			isa = PBXGroup;
			children = (
				481BC1692CB5892E0078A920 /* browser_action */,
				481BC16A2CB5892E0078A920 /* icons */,
				481BC16B2CB5892E0078A920 /* manifest.json */,
				481BC16C2CB5892E0078A920 /* content_scripts */,
			);
			name = Resources;
			path = "Shared (Extension)";
			sourceTree = SOURCE_ROOT;
		};
/* End PBXGroup section */

/* Begin PBXNativeTarget section */
		481BC1192CB5892E0078A920 /* bearblog-dev-mode (iOS) */ = {
			isa = PBXNativeTarget;
			buildConfigurationList = 481BC15E2CB5892E0078A920 /* Build configuration list for PBXNativeTarget "bearblog-dev-mode (iOS)" */;
			buildPhases = (
				481BC1162CB5892E0078A920 /* Sources */,
				481BC1172CB5892E0078A920 /* Frameworks */,
				481BC1182CB5892E0078A920 /* Resources */,
				481BC15D2CB5892E0078A920 /* Embed Foundation Extensions */,
			);
			buildRules = (
			);
			dependencies = (
				481BC13C2CB5892E0078A920 /* PBXTargetDependency */,
			);
			name = "bearblog-dev-mode (iOS)";
			packageProductDependencies = (
			);
			productName = "bearblog-dev-mode (iOS)";
			productReference = 481BC11A2CB5892E0078A920 /* bearblog-dev-mode.app */;
			productType = "com.apple.product-type.application";
		};
		481BC12B2CB5892E0078A920 /* bearblog-dev-mode (macOS) */ = {
			isa = PBXNativeTarget;
			buildConfigurationList = 481BC1652CB5892E0078A920 /* Build configuration list for PBXNativeTarget "bearblog-dev-mode (macOS)" */;
			buildPhases = (
				481BC1282CB5892E0078A920 /* Sources */,
				481BC1292CB5892E0078A920 /* Frameworks */,
				481BC12A2CB5892E0078A920 /* Resources */,
				481BC1642CB5892E0078A920 /* Embed Foundation Extensions */,
			);
			buildRules = (
			);
			dependencies = (
				481BC1462CB5892E0078A920 /* PBXTargetDependency */,
			);
			name = "bearblog-dev-mode (macOS)";
			packageProductDependencies = (
			);
			productName = "bearblog-dev-mode (macOS)";
			productReference = 481BC12C2CB5892E0078A920 /* bearblog-dev-mode.app */;
			productType = "com.apple.product-type.application";
		};
		481BC1382CB5892E0078A920 /* bearblog-dev-mode Extension (iOS) */ = {
			isa = PBXNativeTarget;
			buildConfigurationList = 481BC15A2CB5892E0078A920 /* Build configuration list for PBXNativeTarget "bearblog-dev-mode Extension (iOS)" */;
			buildPhases = (
				481BC1352CB5892E0078A920 /* Sources */,
				481BC1362CB5892E0078A920 /* Frameworks */,
				481BC1372CB5892E0078A920 /* Resources */,
			);
			buildRules = (
			);
			dependencies = (
			);
			name = "bearblog-dev-mode Extension (iOS)";
			packageProductDependencies = (
			);
			productName = "bearblog-dev-mode Extension (iOS)";
			productReference = 481BC1392CB5892E0078A920 /* bearblog-dev-mode Extension.appex */;
			productType = "com.apple.product-type.app-extension";
		};
		481BC1422CB5892E0078A920 /* bearblog-dev-mode Extension (macOS) */ = {
			isa = PBXNativeTarget;
			buildConfigurationList = 481BC1612CB5892E0078A920 /* Build configuration list for PBXNativeTarget "bearblog-dev-mode Extension (macOS)" */;
			buildPhases = (
				481BC13F2CB5892E0078A920 /* Sources */,
				481BC1402CB5892E0078A920 /* Frameworks */,
				481BC1412CB5892E0078A920 /* Resources */,
			);
			buildRules = (
			);
			dependencies = (
			);
			name = "bearblog-dev-mode Extension (macOS)";
			packageProductDependencies = (
			);
			productName = "bearblog-dev-mode Extension (macOS)";
			productReference = 481BC1432CB5892E0078A920 /* bearblog-dev-mode Extension.appex */;
			productType = "com.apple.product-type.app-extension";
		};
/* End PBXNativeTarget section */

/* Begin PBXProject section */
		481BC1072CB5892D0078A920 /* Project object */ = {
			isa = PBXProject;
			attributes = {
				BuildIndependentTargetsInParallel = 1;
				LastSwiftUpdateCheck = 1600;
				LastUpgradeCheck = 1600;
				TargetAttributes = {
					481BC1192CB5892E0078A920 = {
						CreatedOnToolsVersion = 16.0;
					};
					481BC12B2CB5892E0078A920 = {
						CreatedOnToolsVersion = 16.0;
					};
					481BC1382CB5892E0078A920 = {
						CreatedOnToolsVersion = 16.0;
					};
					481BC1422CB5892E0078A920 = {
						CreatedOnToolsVersion = 16.0;
					};
				};
			};
			buildConfigurationList = 481BC10A2CB5892D0078A920 /* Build configuration list for PBXProject "bearblog-dev-mode" */;
			compatibilityVersion = "Xcode 15.0";
			developmentRegion = en;
			hasScannedForEncodings = 0;
			knownRegions = (
				en,
				Base,
			);
			mainGroup = 481BC1062CB5892D0078A920;
			productRefGroup = 481BC11B2CB5892E0078A920 /* Products */;
			projectDirPath = "";
			projectRoot = "";
			targets = (
				481BC1192CB5892E0078A920 /* bearblog-dev-mode (iOS) */,
				481BC12B2CB5892E0078A920 /* bearblog-dev-mode (macOS) */,
				481BC1382CB5892E0078A920 /* bearblog-dev-mode Extension (iOS) */,
				481BC1422CB5892E0078A920 /* bearblog-dev-mode Extension (macOS) */,
			);
		};
/* End PBXProject section */

/* Begin PBXResourcesBuildPhase section */
		481BC1182CB5892E0078A920 /* Resources */ = {
			isa = PBXResourcesBuildPhase;
			buildActionMask = 2147483647;
			files = (
				481BC14C2CB5892E0078A920 /* Icon.png in Resources */,
				481BC1232CB5892E0078A920 /* Base in Resources */,
				481BC14A2CB5892E0078A920 /* Base in Resources */,
				481BC1502CB5892E0078A920 /* Script.js in Resources */,
				481BC1542CB5892E0078A920 /* Assets.xcassets in Resources */,
				481BC1262CB5892E0078A920 /* Base in Resources */,
				481BC14E2CB5892E0078A920 /* Style.css in Resources */,
			);
			runOnlyForDeploymentPostprocessing = 0;
		};
		481BC12A2CB5892E0078A920 /* Resources */ = {
			isa = PBXResourcesBuildPhase;
			buildActionMask = 2147483647;
			files = (
				481BC14D2CB5892E0078A920 /* Icon.png in Resources */,
				481BC14F2CB5892E0078A920 /* Style.css in Resources */,
				481BC1322CB5892E0078A920 /* Base in Resources */,
				481BC1512CB5892E0078A920 /* Script.js in Resources */,
				481BC1552CB5892E0078A920 /* Assets.xcassets in Resources */,
				481BC14B2CB5892E0078A920 /* Base in Resources */,
			);
			runOnlyForDeploymentPostprocessing = 0;
		};
		481BC1372CB5892E0078A920 /* Resources */ = {
			isa = PBXResourcesBuildPhase;
			buildActionMask = 2147483647;
			files = (
				481BC1712CB5892E0078A920 /* browser_action in Resources */,
				481BC1742CB5892E0078A920 /* content_scripts in Resources */,
				481BC1732CB5892E0078A920 /* manifest.json in Resources */,
				481BC1722CB5892E0078A920 /* icons in Resources */,
			);
			runOnlyForDeploymentPostprocessing = 0;
		};
		481BC1412CB5892E0078A920 /* Resources */ = {
			isa = PBXResourcesBuildPhase;
			buildActionMask = 2147483647;
			files = (
				481BC16D2CB5892E0078A920 /* browser_action in Resources */,
				481BC1702CB5892E0078A920 /* content_scripts in Resources */,
				481BC16F2CB5892E0078A920 /* manifest.json in Resources */,
				481BC16E2CB5892E0078A920 /* icons in Resources */,
			);
			runOnlyForDeploymentPostprocessing = 0;
		};
/* End PBXResourcesBuildPhase section */

/* Begin PBXSourcesBuildPhase section */
		481BC1162CB5892E0078A920 /* Sources */ = {
			isa = PBXSourcesBuildPhase;
			buildActionMask = 2147483647;
			files = (
				481BC1522CB5892E0078A920 /* ViewController.swift in Sources */,
				481BC11E2CB5892E0078A920 /* AppDelegate.swift in Sources */,
				481BC1202CB5892E0078A920 /* SceneDelegate.swift in Sources */,
			);
			runOnlyForDeploymentPostprocessing = 0;
		};
		481BC1282CB5892E0078A920 /* Sources */ = {
			isa = PBXSourcesBuildPhase;
			buildActionMask = 2147483647;
			files = (
				481BC1532CB5892E0078A920 /* ViewController.swift in Sources */,
				481BC12F2CB5892E0078A920 /* AppDelegate.swift in Sources */,
			);
			runOnlyForDeploymentPostprocessing = 0;
		};
		481BC1352CB5892E0078A920 /* Sources */ = {
			isa = PBXSourcesBuildPhase;
			buildActionMask = 2147483647;
			files = (
				481BC1562CB5892E0078A920 /* SafariWebExtensionHandler.swift in Sources */,
			);
			runOnlyForDeploymentPostprocessing = 0;
		};
		481BC13F2CB5892E0078A920 /* Sources */ = {
			isa = PBXSourcesBuildPhase;
			buildActionMask = 2147483647;
			files = (
				481BC1572CB5892E0078A920 /* SafariWebExtensionHandler.swift in Sources */,
			);
			runOnlyForDeploymentPostprocessing = 0;
		};
/* End PBXSourcesBuildPhase section */

/* Begin PBXTargetDependency section */
		481BC13C2CB5892E0078A920 /* PBXTargetDependency */ = {
			isa = PBXTargetDependency;
			target = 481BC1382CB5892E0078A920 /* bearblog-dev-mode Extension (iOS) */;
			targetProxy = 481BC13B2CB5892E0078A920 /* PBXContainerItemProxy */;
		};
		481BC1462CB5892E0078A920 /* PBXTargetDependency */ = {
			isa = PBXTargetDependency;
			target = 481BC1422CB5892E0078A920 /* bearblog-dev-mode Extension (macOS) */;
			targetProxy = 481BC1452CB5892E0078A920 /* PBXContainerItemProxy */;
		};
/* End PBXTargetDependency section */

/* Begin PBXVariantGroup section */
		481BC10D2CB5892D0078A920 /* Main.html */ = {
			isa = PBXVariantGroup;
			children = (
				481BC10E2CB5892D0078A920 /* Base */,
			);
			name = Main.html;
			sourceTree = "<group>";
		};
		481BC1212CB5892E0078A920 /* LaunchScreen.storyboard */ = {
			isa = PBXVariantGroup;
			children = (
				481BC1222CB5892E0078A920 /* Base */,
			);
			name = LaunchScreen.storyboard;
			sourceTree = "<group>";
		};
		481BC1242CB5892E0078A920 /* Main.storyboard */ = {
			isa = PBXVariantGroup;
			children = (
				481BC1252CB5892E0078A920 /* Base */,
			);
			name = Main.storyboard;
			sourceTree = "<group>";
		};
		481BC1302CB5892E0078A920 /* Main.storyboard */ = {
			isa = PBXVariantGroup;
			children = (
				481BC1312CB5892E0078A920 /* Base */,
			);
			name = Main.storyboard;
			sourceTree = "<group>";
		};
/* End PBXVariantGroup section */

/* Begin XCBuildConfiguration section */
		481BC1582CB5892E0078A920 /* Debug */ = {
			isa = XCBuildConfiguration;
			buildSettings = {
				ALWAYS_SEARCH_USER_PATHS = NO;
				ASSETCATALOG_COMPILER_GENERATE_SWIFT_ASSET_SYMBOL_EXTENSIONS = YES;
				CLANG_ANALYZER_NONNULL = YES;
				CLANG_ANALYZER_NUMBER_OBJECT_CONVERSION = YES_AGGRESSIVE;
				CLANG_CXX_LANGUAGE_STANDARD = "gnu++20";
				CLANG_ENABLE_MODULES = YES;
				CLANG_ENABLE_OBJC_ARC = YES;
				CLANG_ENABLE_OBJC_WEAK = YES;
				CLANG_WARN_BLOCK_CAPTURE_AUTORELEASING = YES;
				CLANG_WARN_BOOL_CONVERSION = YES;
				CLANG_WARN_COMMA = YES;
				CLANG_WARN_CONSTANT_CONVERSION = YES;
				CLANG_WARN_DEPRECATED_OBJC_IMPLEMENTATIONS = YES;
				CLANG_WARN_DIRECT_OBJC_ISA_USAGE = YES_ERROR;
				CLANG_WARN_DOCUMENTATION_COMMENTS = YES;
				CLANG_WARN_EMPTY_BODY = YES;
				CLANG_WARN_ENUM_CONVERSION = YES;
				CLANG_WARN_INFINITE_RECURSION = YES;
				CLANG_WARN_INT_CONVERSION = YES;
				CLANG_WARN_NON_LITERAL_NULL_CONVERSION = YES;
				CLANG_WARN_OBJC_IMPLICIT_RETAIN_SELF = YES;
				CLANG_WARN_OBJC_LITERAL_CONVERSION = YES;
				CLANG_WARN_OBJC_ROOT_CLASS = YES_ERROR;
				CLANG_WARN_QUOTED_INCLUDE_IN_FRAMEWORK_HEADER = YES;
				CLANG_WARN_RANGE_LOOP_ANALYSIS = YES;
				CLANG_WARN_STRICT_PROTOTYPES = YES;
				CLANG_WARN_SUSPICIOUS_MOVE = YES;
				CLANG_WARN_UNGUARDED_AVAILABILITY = YES_AGGRESSIVE;
				CLANG_WARN_UNREACHABLE_CODE = YES;
				CLANG_WARN__DUPLICATE_METHOD_MATCH = YES;
				COPY_PHASE_STRIP = NO;
				DEBUG_INFORMATION_FORMAT = dwarf;
				ENABLE_STRICT_OBJC_MSGSEND = YES;
				ENABLE_TESTABILITY = YES;
				ENABLE_USER_SCRIPT_SANDBOXING = YES;
				GCC_C_LANGUAGE_STANDARD = gnu17;
				GCC_DYNAMIC_NO_PIC = NO;
				GCC_NO_COMMON_BLOCKS = YES;
				GCC_OPTIMIZATION_LEVEL = 0;
				GCC_PREPROCESSOR_DEFINITIONS = (
					"DEBUG=1",
					"$(inherited)",
				);
				GCC_WARN_64_TO_32_BIT_CONVERSION = YES;
				GCC_WARN_ABOUT_RETURN_TYPE = YES_ERROR;
				GCC_WARN_UNDECLARED_SELECTOR = YES;
				GCC_WARN_UNINITIALIZED_AUTOS = YES_AGGRESSIVE;
				GCC_WARN_UNUSED_FUNCTION = YES;
				GCC_WARN_UNUSED_VARIABLE = YES;
				LOCALIZATION_PREFERS_STRING_CATALOGS = YES;
				MTL_ENABLE_DEBUG_INFO = INCLUDE_SOURCE;
				MTL_FAST_MATH = YES;
				ONLY_ACTIVE_ARCH = YES;
				SWIFT_ACTIVE_COMPILATION_CONDITIONS = "DEBUG $(inherited)";
				SWIFT_OPTIMIZATION_LEVEL = "-Onone";
			};
			name = Debug;
		};
		481BC1592CB5892E0078A920 /* Release */ = {
			isa = XCBuildConfiguration;
			buildSettings = {
				ALWAYS_SEARCH_USER_PATHS = NO;
				ASSETCATALOG_COMPILER_GENERATE_SWIFT_ASSET_SYMBOL_EXTENSIONS = YES;
				CLANG_ANALYZER_NONNULL = YES;
				CLANG_ANALYZER_NUMBER_OBJECT_CONVERSION = YES_AGGRESSIVE;
				CLANG_CXX_LANGUAGE_STANDARD = "gnu++20";
				CLANG_ENABLE_MODULES = YES;
				CLANG_ENABLE_OBJC_ARC = YES;
				CLANG_ENABLE_OBJC_WEAK = YES;
				CLANG_WARN_BLOCK_CAPTURE_AUTORELEASING = YES;
				CLANG_WARN_BOOL_CONVERSION = YES;
				CLANG_WARN_COMMA = YES;
				CLANG_WARN_CONSTANT_CONVERSION = YES;
				CLANG_WARN_DEPRECATED_OBJC_IMPLEMENTATIONS = YES;
				CLANG_WARN_DIRECT_OBJC_ISA_USAGE = YES_ERROR;
				CLANG_WARN_DOCUMENTATION_COMMENTS = YES;
				CLANG_WARN_EMPTY_BODY = YES;
				CLANG_WARN_ENUM_CONVERSION = YES;
				CLANG_WARN_INFINITE_RECURSION = YES;
				CLANG_WARN_INT_CONVERSION = YES;
				CLANG_WARN_NON_LITERAL_NULL_CONVERSION = YES;
				CLANG_WARN_OBJC_IMPLICIT_RETAIN_SELF = YES;
				CLANG_WARN_OBJC_LITERAL_CONVERSION = YES;
				CLANG_WARN_OBJC_ROOT_CLASS = YES_ERROR;
				CLANG_WARN_QUOTED_INCLUDE_IN_FRAMEWORK_HEADER = YES;
				CLANG_WARN_RANGE_LOOP_ANALYSIS = YES;
				CLANG_WARN_STRICT_PROTOTYPES = YES;
				CLANG_WARN_SUSPICIOUS_MOVE = YES;
				CLANG_WARN_UNGUARDED_AVAILABILITY = YES_AGGRESSIVE;
				CLANG_WARN_UNREACHABLE_CODE = YES;
				CLANG_WARN__DUPLICATE_METHOD_MATCH = YES;
				COPY_PHASE_STRIP = NO;
				DEBUG_INFORMATION_FORMAT = "dwarf-with-dsym";
				ENABLE_NS_ASSERTIONS = NO;
				ENABLE_STRICT_OBJC_MSGSEND = YES;
				ENABLE_USER_SCRIPT_SANDBOXING = YES;
				GCC_C_LANGUAGE_STANDARD = gnu17;
				GCC_NO_COMMON_BLOCKS = YES;
				GCC_WARN_64_TO_32_BIT_CONVERSION = YES;
				GCC_WARN_ABOUT_RETURN_TYPE = YES_ERROR;
				GCC_WARN_UNDECLARED_SELECTOR = YES;
				GCC_WARN_UNINITIALIZED_AUTOS = YES_AGGRESSIVE;
				GCC_WARN_UNUSED_FUNCTION = YES;
				GCC_WARN_UNUSED_VARIABLE = YES;
				LOCALIZATION_PREFERS_STRING_CATALOGS = YES;
				MTL_ENABLE_DEBUG_INFO = NO;
				MTL_FAST_MATH = YES;
				SWIFT_COMPILATION_MODE = wholemodule;
			};
			name = Release;
		};
		481BC15B2CB5892E0078A920 /* Debug */ = {
			isa = XCBuildConfiguration;
			buildSettings = {
				CODE_SIGN_STYLE = Automatic;
				CURRENT_PROJECT_VERSION = 1;
				GENERATE_INFOPLIST_FILE = YES;
				INFOPLIST_FILE = "iOS (Extension)/Info.plist";
				INFOPLIST_KEY_CFBundleDisplayName = "bearblog-dev-mode Extension";
				INFOPLIST_KEY_NSHumanReadableCopyright = "";
				IPHONEOS_DEPLOYMENT_TARGET = 15.0;
				LD_RUNPATH_SEARCH_PATHS = (
					"$(inherited)",
					"@executable_path/Frameworks",
					"@executable_path/../../Frameworks",
				);
				MARKETING_VERSION = 1.0;
				OTHER_LDFLAGS = (
					"-framework",
					SafariServices,
				);
				PRODUCT_BUNDLE_IDENTIFIER = "com.yourCompany.bearblog-dev-mode.Extension";
				PRODUCT_NAME = "bearblog-dev-mode Extension";
				SDKROOT = iphoneos;
				SKIP_INSTALL = YES;
				SWIFT_EMIT_LOC_STRINGS = YES;
				SWIFT_VERSION = 5.0;
				TARGETED_DEVICE_FAMILY = "1,2";
			};
			name = Debug;
		};
		481BC15C2CB5892E0078A920 /* Release */ = {
			isa = XCBuildConfiguration;
			buildSettings = {
				CODE_SIGN_STYLE = Automatic;
				CURRENT_PROJECT_VERSION = 1;
				GENERATE_INFOPLIST_FILE = YES;
				INFOPLIST_FILE = "iOS (Extension)/Info.plist";
				INFOPLIST_KEY_CFBundleDisplayName = "bearblog-dev-mode Extension";
				INFOPLIST_KEY_NSHumanReadableCopyright = "";
				IPHONEOS_DEPLOYMENT_TARGET = 15.0;
				LD_RUNPATH_SEARCH_PATHS = (
					"$(inherited)",
					"@executable_path/Frameworks",
					"@executable_path/../../Frameworks",
				);
				MARKETING_VERSION = 1.0;
				OTHER_LDFLAGS = (
					"-framework",
					SafariServices,
				);
				PRODUCT_BUNDLE_IDENTIFIER = "com.yourCompany.bearblog-dev-mode.Extension";
				PRODUCT_NAME = "bearblog-dev-mode Extension";
				SDKROOT = iphoneos;
				SKIP_INSTALL = YES;
				SWIFT_EMIT_LOC_STRINGS = YES;
				SWIFT_VERSION = 5.0;
				TARGETED_DEVICE_FAMILY = "1,2";
				VALIDATE_PRODUCT = YES;
			};
			name = Release;
		};
		481BC15F2CB5892E0078A920 /* Debug */ = {
			isa = XCBuildConfiguration;
			buildSettings = {
				ASSETCATALOG_COMPILER_APPICON_NAME = AppIcon;
				ASSETCATALOG_COMPILER_GLOBAL_ACCENT_COLOR_NAME = AccentColor;
				CODE_SIGN_STYLE = Automatic;
				CURRENT_PROJECT_VERSION = 1;
				GENERATE_INFOPLIST_FILE = YES;
				INFOPLIST_FILE = "iOS (App)/Info.plist";
				INFOPLIST_KEY_CFBundleDisplayName = "bearblog-dev-mode";
				INFOPLIST_KEY_UIApplicationSupportsIndirectInputEvents = YES;
				INFOPLIST_KEY_UILaunchStoryboardName = LaunchScreen;
				INFOPLIST_KEY_UIMainStoryboardFile = Main;
				INFOPLIST_KEY_UISupportedInterfaceOrientations = "UIInterfaceOrientationPortrait UIInterfaceOrientationLandscapeLeft UIInterfaceOrientationLandscapeRight";
				INFOPLIST_KEY_UISupportedInterfaceOrientations_iPad = "UIInterfaceOrientationPortrait UIInterfaceOrientationPortraitUpsideDown UIInterfaceOrientationLandscapeLeft UIInterfaceOrientationLandscapeRight";
				IPHONEOS_DEPLOYMENT_TARGET = 15.0;
				LD_RUNPATH_SEARCH_PATHS = (
					"$(inherited)",
					"@executable_path/Frameworks",
				);
				MARKETING_VERSION = 1.0;
				OTHER_LDFLAGS = (
					"-framework",
					SafariServices,
					"-framework",
					WebKit,
				);
				PRODUCT_BUNDLE_IDENTIFIER = "com.yourCompany.bearblog-dev-mode";
				PRODUCT_NAME = "bearblog-dev-mode";
				SDKROOT = iphoneos;
				SWIFT_EMIT_LOC_STRINGS = YES;
				SWIFT_VERSION = 5.0;
				TARGETED_DEVICE_FAMILY = "1,2";
			};
			name = Debug;
		};
		481BC1602CB5892E0078A920 /* Release */ = {
			isa = XCBuildConfiguration;
			buildSettings = {
				ASSETCATALOG_COMPILER_APPICON_NAME = AppIcon;
				ASSETCATALOG_COMPILER_GLOBAL_ACCENT_COLOR_NAME = AccentColor;
				CODE_SIGN_STYLE = Automatic;
				CURRENT_PROJECT_VERSION = 1;
				GENERATE_INFOPLIST_FILE = YES;
				INFOPLIST_FILE = "iOS (App)/Info.plist";
				INFOPLIST_KEY_CFBundleDisplayName = "bearblog-dev-mode";
				INFOPLIST_KEY_UIApplicationSupportsIndirectInputEvents = YES;
				INFOPLIST_KEY_UILaunchStoryboardName = LaunchScreen;
				INFOPLIST_KEY_UIMainStoryboardFile = Main;
				INFOPLIST_KEY_UISupportedInterfaceOrientations = "UIInterfaceOrientationPortrait UIInterfaceOrientationLandscapeLeft UIInterfaceOrientationLandscapeRight";
				INFOPLIST_KEY_UISupportedInterfaceOrientations_iPad = "UIInterfaceOrientationPortrait UIInterfaceOrientationPortraitUpsideDown UIInterfaceOrientationLandscapeLeft UIInterfaceOrientationLandscapeRight";
				IPHONEOS_DEPLOYMENT_TARGET = 15.0;
				LD_RUNPATH_SEARCH_PATHS = (
					"$(inherited)",
					"@executable_path/Frameworks",
				);
				MARKETING_VERSION = 1.0;
				OTHER_LDFLAGS = (
					"-framework",
					SafariServices,
					"-framework",
					WebKit,
				);
				PRODUCT_BUNDLE_IDENTIFIER = "com.yourCompany.bearblog-dev-mode";
				PRODUCT_NAME = "bearblog-dev-mode";
				SDKROOT = iphoneos;
				SWIFT_EMIT_LOC_STRINGS = YES;
				SWIFT_VERSION = 5.0;
				TARGETED_DEVICE_FAMILY = "1,2";
				VALIDATE_PRODUCT = YES;
			};
			name = Release;
		};
		481BC1622CB5892E0078A920 /* Debug */ = {
			isa = XCBuildConfiguration;
			buildSettings = {
				CODE_SIGN_ENTITLEMENTS = "macOS (Extension)/bearblog-dev-mode.entitlements";
				CODE_SIGN_STYLE = Automatic;
				CURRENT_PROJECT_VERSION = 1;
				ENABLE_HARDENED_RUNTIME = YES;
				GENERATE_INFOPLIST_FILE = YES;
				INFOPLIST_FILE = "macOS (Extension)/Info.plist";
				INFOPLIST_KEY_CFBundleDisplayName = "bearblog-dev-mode Extension";
				INFOPLIST_KEY_NSHumanReadableCopyright = "";
				LD_RUNPATH_SEARCH_PATHS = (
					"$(inherited)",
					"@executable_path/../Frameworks",
					"@executable_path/../../../../Frameworks",
				);
				MACOSX_DEPLOYMENT_TARGET = 10.14;
				MARKETING_VERSION = 1.0;
				OTHER_LDFLAGS = (
					"-framework",
					SafariServices,
				);
				PRODUCT_BUNDLE_IDENTIFIER = "com.yourCompany.bearblog-dev-mode.Extension";
				PRODUCT_NAME = "bearblog-dev-mode Extension";
				SDKROOT = macosx;
				SKIP_INSTALL = YES;
				SWIFT_EMIT_LOC_STRINGS = YES;
				SWIFT_VERSION = 5.0;
			};
			name = Debug;
		};
		481BC1632CB5892E0078A920 /* Release */ = {
			isa = XCBuildConfiguration;
			buildSettings = {
				CODE_SIGN_ENTITLEMENTS = "macOS (Extension)/bearblog-dev-mode.entitlements";
				CODE_SIGN_STYLE = Automatic;
				CURRENT_PROJECT_VERSION = 1;
				ENABLE_HARDENED_RUNTIME = YES;
				GENERATE_INFOPLIST_FILE = YES;
				INFOPLIST_FILE = "macOS (Extension)/Info.plist";
				INFOPLIST_KEY_CFBundleDisplayName = "bearblog-dev-mode Extension";
				INFOPLIST_KEY_NSHumanReadableCopyright = "";
				LD_RUNPATH_SEARCH_PATHS = (
					"$(inherited)",
					"@executable_path/../Frameworks",
					"@executable_path/../../../../Frameworks",
				);
				MACOSX_DEPLOYMENT_TARGET = 10.14;
				MARKETING_VERSION = 1.0;
				OTHER_LDFLAGS = (
					"-framework",
					SafariServices,
				);
				PRODUCT_BUNDLE_IDENTIFIER = "com.yourCompany.bearblog-dev-mode.Extension";
				PRODUCT_NAME = "bearblog-dev-mode Extension";
				SDKROOT = macosx;
				SKIP_INSTALL = YES;
				SWIFT_EMIT_LOC_STRINGS = YES;
				SWIFT_VERSION = 5.0;
			};
			name = Release;
		};
		481BC1662CB5892E0078A920 /* Debug */ = {
			isa = XCBuildConfiguration;
			buildSettings = {
				ASSETCATALOG_COMPILER_APPICON_NAME = AppIcon;
				ASSETCATALOG_COMPILER_GLOBAL_ACCENT_COLOR_NAME = AccentColor;
				CODE_SIGN_ENTITLEMENTS = "macOS (App)/bearblog-dev-mode.entitlements";
				CODE_SIGN_STYLE = Automatic;
				CURRENT_PROJECT_VERSION = 1;
				ENABLE_HARDENED_RUNTIME = YES;
				GENERATE_INFOPLIST_FILE = YES;
				INFOPLIST_FILE = "macOS (App)/Info.plist";
				INFOPLIST_KEY_CFBundleDisplayName = "bearblog-dev-mode";
				INFOPLIST_KEY_NSMainStoryboardFile = Main;
				INFOPLIST_KEY_NSPrincipalClass = NSApplication;
				LD_RUNPATH_SEARCH_PATHS = (
					"$(inherited)",
					"@executable_path/../Frameworks",
				);
				MACOSX_DEPLOYMENT_TARGET = 10.14;
				MARKETING_VERSION = 1.0;
				OTHER_LDFLAGS = (
					"-framework",
					SafariServices,
					"-framework",
					WebKit,
				);
				PRODUCT_BUNDLE_IDENTIFIER = "com.yourCompany.bearblog-dev-mode";
				PRODUCT_NAME = "bearblog-dev-mode";
				SDKROOT = macosx;
				SWIFT_EMIT_LOC_STRINGS = YES;
				SWIFT_VERSION = 5.0;
			};
			name = Debug;
		};
		481BC1672CB5892E0078A920 /* Release */ = {
			isa = XCBuildConfiguration;
			buildSettings = {
				ASSETCATALOG_COMPILER_APPICON_NAME = AppIcon;
				ASSETCATALOG_COMPILER_GLOBAL_ACCENT_COLOR_NAME = AccentColor;
				CODE_SIGN_ENTITLEMENTS = "macOS (App)/bearblog-dev-mode.entitlements";
				CODE_SIGN_STYLE = Automatic;
				CURRENT_PROJECT_VERSION = 1;
				ENABLE_HARDENED_RUNTIME = YES;
				GENERATE_INFOPLIST_FILE = YES;
				INFOPLIST_FILE = "macOS (App)/Info.plist";
				INFOPLIST_KEY_CFBundleDisplayName = "bearblog-dev-mode";
				INFOPLIST_KEY_NSMainStoryboardFile = Main;
				INFOPLIST_KEY_NSPrincipalClass = NSApplication;
				LD_RUNPATH_SEARCH_PATHS = (
					"$(inherited)",
					"@executable_path/../Frameworks",
				);
				MACOSX_DEPLOYMENT_TARGET = 10.14;
				MARKETING_VERSION = 1.0;
				OTHER_LDFLAGS = (
					"-framework",
					SafariServices,
					"-framework",
					WebKit,
				);
				PRODUCT_BUNDLE_IDENTIFIER = "com.yourCompany.bearblog-dev-mode";
				PRODUCT_NAME = "bearblog-dev-mode";
				SDKROOT = macosx;
				SWIFT_EMIT_LOC_STRINGS = YES;
				SWIFT_VERSION = 5.0;
			};
			name = Release;
		};
/* End XCBuildConfiguration section */

/* Begin XCConfigurationList section */
		481BC10A2CB5892D0078A920 /* Build configuration list for PBXProject "bearblog-dev-mode" */ = {
			isa = XCConfigurationList;
			buildConfigurations = (
				481BC1582CB5892E0078A920 /* Debug */,
				481BC1592CB5892E0078A920 /* Release */,
			);
			defaultConfigurationIsVisible = 0;
			defaultConfigurationName = Release;
		};
		481BC15A2CB5892E0078A920 /* Build configuration list for PBXNativeTarget "bearblog-dev-mode Extension (iOS)" */ = {
			isa = XCConfigurationList;
			buildConfigurations = (
				481BC15B2CB5892E0078A920 /* Debug */,
				481BC15C2CB5892E0078A920 /* Release */,
			);
			defaultConfigurationIsVisible = 0;
			defaultConfigurationName = Release;
		};
		481BC15E2CB5892E0078A920 /* Build configuration list for PBXNativeTarget "bearblog-dev-mode (iOS)" */ = {
			isa = XCConfigurationList;
			buildConfigurations = (
				481BC15F2CB5892E0078A920 /* Debug */,
				481BC1602CB5892E0078A920 /* Release */,
			);
			defaultConfigurationIsVisible = 0;
			defaultConfigurationName = Release;
		};
		481BC1612CB5892E0078A920 /* Build configuration list for PBXNativeTarget "bearblog-dev-mode Extension (macOS)" */ = {
			isa = XCConfigurationList;
			buildConfigurations = (
				481BC1622CB5892E0078A920 /* Debug */,
				481BC1632CB5892E0078A920 /* Release */,
			);
			defaultConfigurationIsVisible = 0;
			defaultConfigurationName = Release;
		};
		481BC1652CB5892E0078A920 /* Build configuration list for PBXNativeTarget "bearblog-dev-mode (macOS)" */ = {
			isa = XCConfigurationList;
			buildConfigurations = (
				481BC1662CB5892E0078A920 /* Debug */,
				481BC1672CB5892E0078A920 /* Release */,
			);
			defaultConfigurationIsVisible = 0;
			defaultConfigurationName = Release;
		};
/* End XCConfigurationList section */
	};
	rootObject = 481BC1072CB5892D0078A920 /* Project object */;
}
